// !$*UTF8*$!
{
	archiveVersion = 1;
	classes = {
	};
	objectVersion = 50;
	objects = {

/* Begin PBXBuildFile section */
		3139DE9325B70C2C0078ACF8 /* AppDelegate.swift in Sources */ = {isa = PBXBuildFile; fileRef = 3139DE9225B70C2C0078ACF8 /* AppDelegate.swift */; };
		3139DE9525B70C2C0078ACF8 /* SceneDelegate.swift in Sources */ = {isa = PBXBuildFile; fileRef = 3139DE9425B70C2C0078ACF8 /* SceneDelegate.swift */; };
		3139DE9725B70C2C0078ACF8 /* ViewController.swift in Sources */ = {isa = PBXBuildFile; fileRef = 3139DE9625B70C2C0078ACF8 /* ViewController.swift */; };
		3139DE9A25B70C2C0078ACF8 /* Main.storyboard in Resources */ = {isa = PBXBuildFile; fileRef = 3139DE9825B70C2C0078ACF8 /* Main.storyboard */; };
		3139DE9C25B70C320078ACF8 /* Assets.xcassets in Resources */ = {isa = PBXBuildFile; fileRef = 3139DE9B25B70C320078ACF8 /* Assets.xcassets */; };
		3139DE9F25B70C320078ACF8 /* LaunchScreen.storyboard in Resources */ = {isa = PBXBuildFile; fileRef = 3139DE9D25B70C320078ACF8 /* LaunchScreen.storyboard */; };
		3139DEAA25B70C320078ACF8 /* Lab01_AJokeTests.swift in Sources */ = {isa = PBXBuildFile; fileRef = 3139DEA925B70C320078ACF8 /* Lab01_AJokeTests.swift */; };
		3139DEB525B70C320078ACF8 /* Lab01_AJokeUITests.swift in Sources */ = {isa = PBXBuildFile; fileRef = 3139DEB425B70C320078ACF8 /* Lab01_AJokeUITests.swift */; };
/* End PBXBuildFile section */

/* Begin PBXContainerItemProxy section */
		3139DEA625B70C320078ACF8 /* PBXContainerItemProxy */ = {
			isa = PBXContainerItemProxy;
			containerPortal = 3139DE8725B70C2C0078ACF8 /* Project object */;
			proxyType = 1;
			remoteGlobalIDString = 3139DE8E25B70C2C0078ACF8;
			remoteInfo = "Lab01-AJoke";
		};
		3139DEB125B70C320078ACF8 /* PBXContainerItemProxy */ = {
			isa = PBXContainerItemProxy;
			containerPortal = 3139DE8725B70C2C0078ACF8 /* Project object */;
			proxyType = 1;
			remoteGlobalIDString = 3139DE8E25B70C2C0078ACF8;
			remoteInfo = "Lab01-AJoke";
		};
/* End PBXContainerItemProxy section */

/* Begin PBXFileReference section */
		3139DE8F25B70C2C0078ACF8 /* Lab01-AJoke.app */ = {isa = PBXFileReference; explicitFileType = wrapper.application; includeInIndex = 0; path = "Lab01-AJoke.app"; sourceTree = BUILT_PRODUCTS_DIR; };
		3139DE9225B70C2C0078ACF8 /* AppDelegate.swift */ = {isa = PBXFileReference; lastKnownFileType = sourcecode.swift; path = AppDelegate.swift; sourceTree = "<group>"; };
		3139DE9425B70C2C0078ACF8 /* SceneDelegate.swift */ = {isa = PBXFileReference; lastKnownFileType = sourcecode.swift; path = SceneDelegate.swift; sourceTree = "<group>"; };
		3139DE9625B70C2C0078ACF8 /* ViewController.swift */ = {isa = PBXFileReference; lastKnownFileType = sourcecode.swift; path = ViewController.swift; sourceTree = "<group>"; };
		3139DE9925B70C2C0078ACF8 /* Base */ = {isa = PBXFileReference; lastKnownFileType = file.storyboard; name = Base; path = Base.lproj/Main.storyboard; sourceTree = "<group>"; };
		3139DE9B25B70C320078ACF8 /* Assets.xcassets */ = {isa = PBXFileReference; lastKnownFileType = folder.assetcatalog; path = Assets.xcassets; sourceTree = "<group>"; };
		3139DE9E25B70C320078ACF8 /* Base */ = {isa = PBXFileReference; lastKnownFileType = file.storyboard; name = Base; path = Base.lproj/LaunchScreen.storyboard; sourceTree = "<group>"; };
		3139DEA025B70C320078ACF8 /* Info.plist */ = {isa = PBXFileReference; lastKnownFileType = text.plist.xml; path = Info.plist; sourceTree = "<group>"; };
		3139DEA525B70C320078ACF8 /* Lab01-AJokeTests.xctest */ = {isa = PBXFileReference; explicitFileType = wrapper.cfbundle; includeInIndex = 0; path = "Lab01-AJokeTests.xctest"; sourceTree = BUILT_PRODUCTS_DIR; };
		3139DEA925B70C320078ACF8 /* Lab01_AJokeTests.swift */ = {isa = PBXFileReference; lastKnownFileType = sourcecode.swift; path = Lab01_AJokeTests.swift; sourceTree = "<group>"; };
		3139DEAB25B70C320078ACF8 /* Info.plist */ = {isa = PBXFileReference; lastKnownFileType = text.plist.xml; path = Info.plist; sourceTree = "<group>"; };
		3139DEB025B70C320078ACF8 /* Lab01-AJokeUITests.xctest */ = {isa = PBXFileReference; explicitFileType = wrapper.cfbundle; includeInIndex = 0; path = "Lab01-AJokeUITests.xctest"; sourceTree = BUILT_PRODUCTS_DIR; };
		3139DEB425B70C320078ACF8 /* Lab01_AJokeUITests.swift */ = {isa = PBXFileReference; lastKnownFileType = sourcecode.swift; path = Lab01_AJokeUITests.swift; sourceTree = "<group>"; };
		3139DEB625B70C320078ACF8 /* Info.plist */ = {isa = PBXFileReference; lastKnownFileType = text.plist.xml; path = Info.plist; sourceTree = "<group>"; };
/* End PBXFileReference section */

/* Begin PBXFrameworksBuildPhase section */
		3139DE8C25B70C2C0078ACF8 /* Frameworks */ = {
			isa = PBXFrameworksBuildPhase;
			buildActionMask = 2147483647;
			files = (
			);
			runOnlyForDeploymentPostprocessing = 0;
		};
		3139DEA225B70C320078ACF8 /* Frameworks */ = {
			isa = PBXFrameworksBuildPhase;
			buildActionMask = 2147483647;
			files = (
			);
			runOnlyForDeploymentPostprocessing = 0;
		};
		3139DEAD25B70C320078ACF8 /* Frameworks */ = {
			isa = PBXFrameworksBuildPhase;
			buildActionMask = 2147483647;
			files = (
			);
			runOnlyForDeploymentPostprocessing = 0;
		};
/* End PBXFrameworksBuildPhase section */

/* Begin PBXGroup section */
		3139DE8625B70C2C0078ACF8 = {
			isa = PBXGroup;
			children = (
				3139DE9125B70C2C0078ACF8 /* Lab01-AJoke */,
				3139DEA825B70C320078ACF8 /* Lab01-AJokeTests */,
				3139DEB325B70C320078ACF8 /* Lab01-AJokeUITests */,
				3139DE9025B70C2C0078ACF8 /* Products */,
			);
			sourceTree = "<group>";
		};
		3139DE9025B70C2C0078ACF8 /* Products */ = {
			isa = PBXGroup;
			children = (
				3139DE8F25B70C2C0078ACF8 /* Lab01-AJoke.app */,
				3139DEA525B70C320078ACF8 /* Lab01-AJokeTests.xctest */,
				3139DEB025B70C320078ACF8 /* Lab01-AJokeUITests.xctest */,
			);
			name = Products;
			sourceTree = "<group>";
		};
		3139DE9125B70C2C0078ACF8 /* Lab01-AJoke */ = {
			isa = PBXGroup;
			children = (
				3139DE9225B70C2C0078ACF8 /* AppDelegate.swift */,
				3139DE9425B70C2C0078ACF8 /* SceneDelegate.swift */,
				3139DE9625B70C2C0078ACF8 /* ViewController.swift */,
				3139DE9825B70C2C0078ACF8 /* Main.storyboard */,
				3139DE9B25B70C320078ACF8 /* Assets.xcassets */,
				3139DE9D25B70C320078ACF8 /* LaunchScreen.storyboard */,
				3139DEA025B70C320078ACF8 /* Info.plist */,
			);
			path = "Lab01-AJoke";
			sourceTree = "<group>";
		};
		3139DEA825B70C320078ACF8 /* Lab01-AJokeTests */ = {
			isa = PBXGroup;
			children = (
				3139DEA925B70C320078ACF8 /* Lab01_AJokeTests.swift */,
				3139DEAB25B70C320078ACF8 /* Info.plist */,
			);
			path = "Lab01-AJokeTests";
			sourceTree = "<group>";
		};
		3139DEB325B70C320078ACF8 /* Lab01-AJokeUITests */ = {
			isa = PBXGroup;
			children = (
				3139DEB425B70C320078ACF8 /* Lab01_AJokeUITests.swift */,
				3139DEB625B70C320078ACF8 /* Info.plist */,
			);
			path = "Lab01-AJokeUITests";
			sourceTree = "<group>";
		};
/* End PBXGroup section */

/* Begin PBXNativeTarget section */
		3139DE8E25B70C2C0078ACF8 /* Lab01-AJoke */ = {
			isa = PBXNativeTarget;
			buildConfigurationList = 3139DEB925B70C320078ACF8 /* Build configuration list for PBXNativeTarget "Lab01-AJoke" */;
			buildPhases = (
				3139DE8B25B70C2C0078ACF8 /* Sources */,
				3139DE8C25B70C2C0078ACF8 /* Frameworks */,
				3139DE8D25B70C2C0078ACF8 /* Resources */,
			);
			buildRules = (
			);
			dependencies = (
			);
			name = "Lab01-AJoke";
			productName = "Lab01-AJoke";
			productReference = 3139DE8F25B70C2C0078ACF8 /* Lab01-AJoke.app */;
			productType = "com.apple.product-type.application";
		};
		3139DEA425B70C320078ACF8 /* Lab01-AJokeTests */ = {
			isa = PBXNativeTarget;
			buildConfigurationList = 3139DEBC25B70C320078ACF8 /* Build configuration list for PBXNativeTarget "Lab01-AJokeTests" */;
			buildPhases = (
				3139DEA125B70C320078ACF8 /* Sources */,
				3139DEA225B70C320078ACF8 /* Frameworks */,
				3139DEA325B70C320078ACF8 /* Resources */,
			);
			buildRules = (
			);
			dependencies = (
				3139DEA725B70C320078ACF8 /* PBXTargetDependency */,
			);
			name = "Lab01-AJokeTests";
			productName = "Lab01-AJokeTests";
			productReference = 3139DEA525B70C320078ACF8 /* Lab01-AJokeTests.xctest */;
			productType = "com.apple.product-type.bundle.unit-test";
		};
		3139DEAF25B70C320078ACF8 /* Lab01-AJokeUITests */ = {
			isa = PBXNativeTarget;
			buildConfigurationList = 3139DEBF25B70C320078ACF8 /* Build configuration list for PBXNativeTarget "Lab01-AJokeUITests" */;
			buildPhases = (
				3139DEAC25B70C320078ACF8 /* Sources */,
				3139DEAD25B70C320078ACF8 /* Frameworks */,
				3139DEAE25B70C320078ACF8 /* Resources */,
			);
			buildRules = (
			);
			dependencies = (
				3139DEB225B70C320078ACF8 /* PBXTargetDependency */,
			);
			name = "Lab01-AJokeUITests";
			productName = "Lab01-AJokeUITests";
			productReference = 3139DEB025B70C320078ACF8 /* Lab01-AJokeUITests.xctest */;
			productType = "com.apple.product-type.bundle.ui-testing";
		};
/* End PBXNativeTarget section */

/* Begin PBXProject section */
		3139DE8725B70C2C0078ACF8 /* Project object */ = {
			isa = PBXProject;
			attributes = {
				LastSwiftUpdateCheck = 1230;
				LastUpgradeCheck = 1230;
				TargetAttributes = {
					3139DE8E25B70C2C0078ACF8 = {
						CreatedOnToolsVersion = 12.3;
					};
					3139DEA425B70C320078ACF8 = {
						CreatedOnToolsVersion = 12.3;
						TestTargetID = 3139DE8E25B70C2C0078ACF8;
					};
					3139DEAF25B70C320078ACF8 = {
						CreatedOnToolsVersion = 12.3;
						TestTargetID = 3139DE8E25B70C2C0078ACF8;
					};
				};
			};
			buildConfigurationList = 3139DE8A25B70C2C0078ACF8 /* Build configuration list for PBXProject "Lab01-AJoke" */;
			compatibilityVersion = "Xcode 9.3";
			developmentRegion = en;
			hasScannedForEncodings = 0;
			knownRegions = (
				en,
				Base,
			);
			mainGroup = 3139DE8625B70C2C0078ACF8;
			productRefGroup = 3139DE9025B70C2C0078ACF8 /* Products */;
			projectDirPath = "";
			projectRoot = "";
			targets = (
				3139DE8E25B70C2C0078ACF8 /* Lab01-AJoke */,
				3139DEA425B70C320078ACF8 /* Lab01-AJokeTests */,
				3139DEAF25B70C320078ACF8 /* Lab01-AJokeUITests */,
			);
		};
/* End PBXProject section */

/* Begin PBXResourcesBuildPhase section */
		3139DE8D25B70C2C0078ACF8 /* Resources */ = {
			isa = PBXResourcesBuildPhase;
			buildActionMask = 2147483647;
			files = (
				3139DE9F25B70C320078ACF8 /* LaunchScreen.storyboard in Resources */,
				3139DE9C25B70C320078ACF8 /* Assets.xcassets in Resources */,
				3139DE9A25B70C2C0078ACF8 /* Main.storyboard in Resources */,
			);
			runOnlyForDeploymentPostprocessing = 0;
		};
		3139DEA325B70C320078ACF8 /* Resources */ = {
			isa = PBXResourcesBuildPhase;
			buildActionMask = 2147483647;
			files = (
			);
			runOnlyForDeploymentPostprocessing = 0;
		};
		3139DEAE25B70C320078ACF8 /* Resources */ = {
			isa = PBXResourcesBuildPhase;
			buildActionMask = 2147483647;
			files = (
			);
			runOnlyForDeploymentPostprocessing = 0;
		};
/* End PBXResourcesBuildPhase section */

/* Begin PBXSourcesBuildPhase section */
		3139DE8B25B70C2C0078ACF8 /* Sources */ = {
			isa = PBXSourcesBuildPhase;
			buildActionMask = 2147483647;
			files = (
				3139DE9725B70C2C0078ACF8 /* ViewController.swift in Sources */,
				3139DE9325B70C2C0078ACF8 /* AppDelegate.swift in Sources */,
				3139DE9525B70C2C0078ACF8 /* SceneDelegate.swift in Sources */,
			);
			runOnlyForDeploymentPostprocessing = 0;
		};
		3139DEA125B70C320078ACF8 /* Sources */ = {
			isa = PBXSourcesBuildPhase;
			buildActionMask = 2147483647;
			files = (
				3139DEAA25B70C320078ACF8 /* Lab01_AJokeTests.swift in Sources */,
			);
			runOnlyForDeploymentPostprocessing = 0;
		};
		3139DEAC25B70C320078ACF8 /* Sources */ = {
			isa = PBXSourcesBuildPhase;
			buildActionMask = 2147483647;
			files = (
				3139DEB525B70C320078ACF8 /* Lab01_AJokeUITests.swift in Sources */,
			);
			runOnlyForDeploymentPostprocessing = 0;
		};
/* End PBXSourcesBuildPhase section */

/* Begin PBXTargetDependency section */
		3139DEA725B70C320078ACF8 /* PBXTargetDependency */ = {
			isa = PBXTargetDependency;
			target = 3139DE8E25B70C2C0078ACF8 /* Lab01-AJoke */;
			targetProxy = 3139DEA625B70C320078ACF8 /* PBXContainerItemProxy */;
		};
		3139DEB225B70C320078ACF8 /* PBXTargetDependency */ = {
			isa = PBXTargetDependency;
			target = 3139DE8E25B70C2C0078ACF8 /* Lab01-AJoke */;
			targetProxy = 3139DEB125B70C320078ACF8 /* PBXContainerItemProxy */;
		};
/* End PBXTargetDependency section */

/* Begin PBXVariantGroup section */
		3139DE9825B70C2C0078ACF8 /* Main.storyboard */ = {
			isa = PBXVariantGroup;
			children = (
				3139DE9925B70C2C0078ACF8 /* Base */,
			);
			name = Main.storyboard;
			sourceTree = "<group>";
		};
		3139DE9D25B70C320078ACF8 /* LaunchScreen.storyboard */ = {
			isa = PBXVariantGroup;
			children = (
				3139DE9E25B70C320078ACF8 /* Base */,
			);
			name = LaunchScreen.storyboard;
			sourceTree = "<group>";
		};
/* End PBXVariantGroup section */

/* Begin XCBuildConfiguration section */
		3139DEB725B70C320078ACF8 /* Debug */ = {
			isa = XCBuildConfiguration;
			buildSettings = {
				ALWAYS_SEARCH_USER_PATHS = NO;
				CLANG_ANALYZER_NONNULL = YES;
				CLANG_ANALYZER_NUMBER_OBJECT_CONVERSION = YES_AGGRESSIVE;
				CLANG_CXX_LANGUAGE_STANDARD = "gnu++14";
				CLANG_CXX_LIBRARY = "libc++";
				CLANG_ENABLE_MODULES = YES;
				CLANG_ENABLE_OBJC_ARC = YES;
				CLANG_ENABLE_OBJC_WEAK = YES;
				CLANG_WARN_BLOCK_CAPTURE_AUTORELEASING = YES;
				CLANG_WARN_BOOL_CONVERSION = YES;
				CLANG_WARN_COMMA = YES;
				CLANG_WARN_CONSTANT_CONVERSION = YES;
				CLANG_WARN_DEPRECATED_OBJC_IMPLEMENTATIONS = YES;
				CLANG_WARN_DIRECT_OBJC_ISA_USAGE = YES_ERROR;
				CLANG_WARN_DOCUMENTATION_COMMENTS = YES;
				CLANG_WARN_EMPTY_BODY = YES;
				CLANG_WARN_ENUM_CONVERSION = YES;
				CLANG_WARN_INFINITE_RECURSION = YES;
				CLANG_WARN_INT_CONVERSION = YES;
				CLANG_WARN_NON_LITERAL_NULL_CONVERSION = YES;
				CLANG_WARN_OBJC_IMPLICIT_RETAIN_SELF = YES;
				CLANG_WARN_OBJC_LITERAL_CONVERSION = YES;
				CLANG_WARN_OBJC_ROOT_CLASS = YES_ERROR;
				CLANG_WARN_QUOTED_INCLUDE_IN_FRAMEWORK_HEADER = YES;
				CLANG_WARN_RANGE_LOOP_ANALYSIS = YES;
				CLANG_WARN_STRICT_PROTOTYPES = YES;
				CLANG_WARN_SUSPICIOUS_MOVE = YES;
				CLANG_WARN_UNGUARDED_AVAILABILITY = YES_AGGRESSIVE;
				CLANG_WARN_UNREACHABLE_CODE = YES;
				CLANG_WARN__DUPLICATE_METHOD_MATCH = YES;
				COPY_PHASE_STRIP = NO;
				DEBUG_INFORMATION_FORMAT = dwarf;
				ENABLE_STRICT_OBJC_MSGSEND = YES;
				ENABLE_TESTABILITY = YES;
				GCC_C_LANGUAGE_STANDARD = gnu11;
				GCC_DYNAMIC_NO_PIC = NO;
				GCC_NO_COMMON_BLOCKS = YES;
				GCC_OPTIMIZATION_LEVEL = 0;
				GCC_PREPROCESSOR_DEFINITIONS = (
					"DEBUG=1",
					"$(inherited)",
				);
				GCC_WARN_64_TO_32_BIT_CONVERSION = YES;
				GCC_WARN_ABOUT_RETURN_TYPE = YES_ERROR;
				GCC_WARN_UNDECLARED_SELECTOR = YES;
				GCC_WARN_UNINITIALIZED_AUTOS = YES_AGGRESSIVE;
				GCC_WARN_UNUSED_FUNCTION = YES;
				GCC_WARN_UNUSED_VARIABLE = YES;
				IPHONEOS_DEPLOYMENT_TARGET = 14.3;
				MTL_ENABLE_DEBUG_INFO = INCLUDE_SOURCE;
				MTL_FAST_MATH = YES;
				ONLY_ACTIVE_ARCH = YES;
				SDKROOT = iphoneos;
				SWIFT_ACTIVE_COMPILATION_CONDITIONS = DEBUG;
				SWIFT_OPTIMIZATION_LEVEL = "-Onone";
			};
			name = Debug;
		};
		3139DEB825B70C320078ACF8 /* Release */ = {
			isa = XCBuildConfiguration;
			buildSettings = {
				ALWAYS_SEARCH_USER_PATHS = NO;
				CLANG_ANALYZER_NONNULL = YES;
				CLANG_ANALYZER_NUMBER_OBJECT_CONVERSION = YES_AGGRESSIVE;
				CLANG_CXX_LANGUAGE_STANDARD = "gnu++14";
				CLANG_CXX_LIBRARY = "libc++";
				CLANG_ENABLE_MODULES = YES;
				CLANG_ENABLE_OBJC_ARC = YES;
				CLANG_ENABLE_OBJC_WEAK = YES;
				CLANG_WARN_BLOCK_CAPTURE_AUTORELEASING = YES;
				CLANG_WARN_BOOL_CONVERSION = YES;
				CLANG_WARN_COMMA = YES;
				CLANG_WARN_CONSTANT_CONVERSION = YES;
				CLANG_WARN_DEPRECATED_OBJC_IMPLEMENTATIONS = YES;
				CLANG_WARN_DIRECT_OBJC_ISA_USAGE = YES_ERROR;
				CLANG_WARN_DOCUMENTATION_COMMENTS = YES;
				CLANG_WARN_EMPTY_BODY = YES;
				CLANG_WARN_ENUM_CONVERSION = YES;
				CLANG_WARN_INFINITE_RECURSION = YES;
				CLANG_WARN_INT_CONVERSION = YES;
				CLANG_WARN_NON_LITERAL_NULL_CONVERSION = YES;
				CLANG_WARN_OBJC_IMPLICIT_RETAIN_SELF = YES;
				CLANG_WARN_OBJC_LITERAL_CONVERSION = YES;
				CLANG_WARN_OBJC_ROOT_CLASS = YES_ERROR;
				CLANG_WARN_QUOTED_INCLUDE_IN_FRAMEWORK_HEADER = YES;
				CLANG_WARN_RANGE_LOOP_ANALYSIS = YES;
				CLANG_WARN_STRICT_PROTOTYPES = YES;
				CLANG_WARN_SUSPICIOUS_MOVE = YES;
				CLANG_WARN_UNGUARDED_AVAILABILITY = YES_AGGRESSIVE;
				CLANG_WARN_UNREACHABLE_CODE = YES;
				CLANG_WARN__DUPLICATE_METHOD_MATCH = YES;
				COPY_PHASE_STRIP = NO;
				DEBUG_INFORMATION_FORMAT = "dwarf-with-dsym";
				ENABLE_NS_ASSERTIONS = NO;
				ENABLE_STRICT_OBJC_MSGSEND = YES;
				GCC_C_LANGUAGE_STANDARD = gnu11;
				GCC_NO_COMMON_BLOCKS = YES;
				GCC_WARN_64_TO_32_BIT_CONVERSION = YES;
				GCC_WARN_ABOUT_RETURN_TYPE = YES_ERROR;
				GCC_WARN_UNDECLARED_SELECTOR = YES;
				GCC_WARN_UNINITIALIZED_AUTOS = YES_AGGRESSIVE;
				GCC_WARN_UNUSED_FUNCTION = YES;
				GCC_WARN_UNUSED_VARIABLE = YES;
				IPHONEOS_DEPLOYMENT_TARGET = 14.3;
				MTL_ENABLE_DEBUG_INFO = NO;
				MTL_FAST_MATH = YES;
				SDKROOT = iphoneos;
				SWIFT_COMPILATION_MODE = wholemodule;
				SWIFT_OPTIMIZATION_LEVEL = "-O";
				VALIDATE_PRODUCT = YES;
			};
			name = Release;
		};
		3139DEBA25B70C320078ACF8 /* Debug */ = {
			isa = XCBuildConfiguration;
			buildSettings = {
				ASSETCATALOG_COMPILER_APPICON_NAME = AppIcon;
				ASSETCATALOG_COMPILER_GLOBAL_ACCENT_COLOR_NAME = AccentColor;
				CODE_SIGN_STYLE = Automatic;
				INFOPLIST_FILE = "Lab01-AJoke/Info.plist";
				LD_RUNPATH_SEARCH_PATHS = (
					"$(inherited)",
					"@executable_path/Frameworks",
				);
				PRODUCT_BUNDLE_IDENTIFIER = "DeAndre-Durr.Lab01-AJoke";
				PRODUCT_NAME = "$(TARGET_NAME)";
				SWIFT_VERSION = 5.0;
				TARGETED_DEVICE_FAMILY = "1,2";
			};
			name = Debug;
		};
		3139DEBB25B70C320078ACF8 /* Release */ = {
			isa = XCBuildConfiguration;
			buildSettings = {
				ASSETCATALOG_COMPILER_APPICON_NAME = AppIcon;
				ASSETCATALOG_COMPILER_GLOBAL_ACCENT_COLOR_NAME = AccentColor;
				CODE_SIGN_STYLE = Automatic;
				INFOPLIST_FILE = "Lab01-AJoke/Info.plist";
				LD_RUNPATH_SEARCH_PATHS = (
					"$(inherited)",
					"@executable_path/Frameworks",
				);
				PRODUCT_BUNDLE_IDENTIFIER = "DeAndre-Durr.Lab01-AJoke";
				PRODUCT_NAME = "$(TARGET_NAME)";
				SWIFT_VERSION = 5.0;
				TARGETED_DEVICE_FAMILY = "1,2";
			};
			name = Release;
		};
		3139DEBD25B70C320078ACF8 /* Debug */ = {
			isa = XCBuildConfiguration;
			buildSettings = {
				ALWAYS_EMBED_SWIFT_STANDARD_LIBRARIES = YES;
				BUNDLE_LOADER = "$(TEST_HOST)";
				CODE_SIGN_STYLE = Automatic;
				INFOPLIST_FILE = "Lab01-AJokeTests/Info.plist";
				IPHONEOS_DEPLOYMENT_TARGET = 14.3;
				LD_RUNPATH_SEARCH_PATHS = (
					"$(inherited)",
					"@executable_path/Frameworks",
					"@loader_path/Frameworks",
				);
				PRODUCT_BUNDLE_IDENTIFIER = "DeAndre-Durr.Lab01-AJokeTests";
				PRODUCT_NAME = "$(TARGET_NAME)";
				SWIFT_VERSION = 5.0;
				TARGETED_DEVICE_FAMILY = "1,2";
				TEST_HOST = "$(BUILT_PRODUCTS_DIR)/Lab01-AJoke.app/Lab01-AJoke";
			};
			name = Debug;
		};
		3139DEBE25B70C320078ACF8 /* Release */ = {
			isa = XCBuildConfiguration;
			buildSettings = {
				ALWAYS_EMBED_SWIFT_STANDARD_LIBRARIES = YES;
				BUNDLE_LOADER = "$(TEST_HOST)";
				CODE_SIGN_STYLE = Automatic;
				INFOPLIST_FILE = "Lab01-AJokeTests/Info.plist";
				IPHONEOS_DEPLOYMENT_TARGET = 14.3;
				LD_RUNPATH_SEARCH_PATHS = (
					"$(inherited)",
					"@executable_path/Frameworks",
					"@loader_path/Frameworks",
				);
				PRODUCT_BUNDLE_IDENTIFIER = "DeAndre-Durr.Lab01-AJokeTests";
				PRODUCT_NAME = "$(TARGET_NAME)";
				SWIFT_VERSION = 5.0;
				TARGETED_DEVICE_FAMILY = "1,2";
				TEST_HOST = "$(BUILT_PRODUCTS_DIR)/Lab01-AJoke.app/Lab01-AJoke";
			};
			name = Release;
		};
		3139DEC025B70C320078ACF8 /* Debug */ = {
			isa = XCBuildConfiguration;
			buildSettings = {
				ALWAYS_EMBED_SWIFT_STANDARD_LIBRARIES = YES;
				CODE_SIGN_STYLE = Automatic;
				INFOPLIST_FILE = "Lab01-AJokeUITests/Info.plist";
				LD_RUNPATH_SEARCH_PATHS = (
					"$(inherited)",
					"@executable_path/Frameworks",
					"@loader_path/Frameworks",
				);
				PRODUCT_BUNDLE_IDENTIFIER = "DeAndre-Durr.Lab01-AJokeUITests";
				PRODUCT_NAME = "$(TARGET_NAME)";
				SWIFT_VERSION = 5.0;
				TARGETED_DEVICE_FAMILY = "1,2";
				TEST_TARGET_NAME = "Lab01-AJoke";
			};
			name = Debug;
		};
		3139DEC125B70C320078ACF8 /* Release */ = {
			isa = XCBuildConfiguration;
			buildSettings = {
				ALWAYS_EMBED_SWIFT_STANDARD_LIBRARIES = YES;
				CODE_SIGN_STYLE = Automatic;
				INFOPLIST_FILE = "Lab01-AJokeUITests/Info.plist";
				LD_RUNPATH_SEARCH_PATHS = (
					"$(inherited)",
					"@executable_path/Frameworks",
					"@loader_path/Frameworks",
				);
				PRODUCT_BUNDLE_IDENTIFIER = "DeAndre-Durr.Lab01-AJokeUITests";
				PRODUCT_NAME = "$(TARGET_NAME)";
				SWIFT_VERSION = 5.0;
				TARGETED_DEVICE_FAMILY = "1,2";
				TEST_TARGET_NAME = "Lab01-AJoke";
			};
			name = Release;
		};
/* End XCBuildConfiguration section */

/* Begin XCConfigurationList section */
		3139DE8A25B70C2C0078ACF8 /* Build configuration list for PBXProject "Lab01-AJoke" */ = {
			isa = XCConfigurationList;
			buildConfigurations = (
				3139DEB725B70C320078ACF8 /* Debug */,
				3139DEB825B70C320078ACF8 /* Release */,
			);
			defaultConfigurationIsVisible = 0;
			defaultConfigurationName = Release;
		};
		3139DEB925B70C320078ACF8 /* Build configuration list for PBXNativeTarget "Lab01-AJoke" */ = {
			isa = XCConfigurationList;
			buildConfigurations = (
				3139DEBA25B70C320078ACF8 /* Debug */,
				3139DEBB25B70C320078ACF8 /* Release */,
			);
			defaultConfigurationIsVisible = 0;
			defaultConfigurationName = Release;
		};
		3139DEBC25B70C320078ACF8 /* Build configuration list for PBXNativeTarget "Lab01-AJokeTests" */ = {
			isa = XCConfigurationList;
			buildConfigurations = (
				3139DEBD25B70C320078ACF8 /* Debug */,
				3139DEBE25B70C320078ACF8 /* Release */,
			);
			defaultConfigurationIsVisible = 0;
			defaultConfigurationName = Release;
		};
		3139DEBF25B70C320078ACF8 /* Build configuration list for PBXNativeTarget "Lab01-AJokeUITests" */ = {
			isa = XCConfigurationList;
			buildConfigurations = (
				3139DEC025B70C320078ACF8 /* Debug */,
				3139DEC125B70C320078ACF8 /* Release */,
			);
			defaultConfigurationIsVisible = 0;
			defaultConfigurationName = Release;
		};
/* End XCConfigurationList section */
	};
	rootObject = 3139DE8725B70C2C0078ACF8 /* Project object */;
}
